
Microsoft Visual Studio Solution File, Format Version 12.00
Project("{FAE04EC0-301F-11D3-BF4B-00C04F79EFBC}") = "Server", "Server\Server.csproj", "{27F3BE1E-22D4-45B4-9497-4A603FBFFCC4}"
EndProject
Project("{FAE04EC0-301F-11D3-BF4B-00C04F79EFBC}") = "Client", "Client\Client.csproj", "{3DFDB4D6-4239-4143-9C56-17947F4954BA}"
EndProject
Global
	GlobalSection(SolutionConfigurationPlatforms) = preSolution
		Debug|Any CPU = Debug|Any CPU
		Release|Any CPU = Release|Any CPU
	EndGlobalSection
	GlobalSection(ProjectConfigurationPlatforms) = postSolution
		{27F3BE1E-22D4-45B4-9497-4A603FBFFCC4}.Debug|Any CPU.ActiveCfg = Debug|Any CPU
		{27F3BE1E-22D4-45B4-9497-4A603FBFFCC4}.Debug|Any CPU.Build.0 = Debug|Any CPU
		{27F3BE1E-22D4-45B4-9497-4A603FBFFCC4}.Release|Any CPU.ActiveCfg = Release|Any CPU
		{27F3BE1E-22D4-45B4-9497-4A603FBFFCC4}.Release|Any CPU.Build.0 = Release|Any CPU
		{3DFDB4D6-4239-4143-9C56-17947F4954BA}.Debug|Any CPU.ActiveCfg = Debug|Any CPU
		{3DFDB4D6-4239-4143-9C56-17947F4954BA}.Debug|Any CPU.Build.0 = Debug|Any CPU
		{3DFDB4D6-4239-4143-9C56-17947F4954BA}.Release|Any CPU.ActiveCfg = Release|Any CPU
		{3DFDB4D6-4239-4143-9C56-17947F4954BA}.Release|Any CPU.Build.0 = Release|Any CPU
	EndGlobalSection
EndGlobal
